
Microsoft Visual Studio Solution File, Format Version 11.00
# Visual Studio 11
VisualStudioVersion = 10.0.40219.1
MinimumVisualStudioVersion = 10.0.40219.1
Project("{FAE04EC0-301F-11D3-BF4B-00C04F79EFBC}") = "GUI", "GUI\GUI.csproj", "{0459F97C-71FC-428F-92ED-8C231F92BF18}"
EndProject
Project("{FAE04EC0-301F-11D3-BF4B-00C04F79EFBC}") = "BLL", "BLL\BLL.csproj", "{51D5E269-0600-4D36-A48E-728C24E840E0}"
EndProject
Project("{FAE04EC0-301F-11D3-BF4B-00C04F79EFBC}") = "DAL", "DAL\DAL.csproj", "{40348403-A07E-41C5-9F53-364B0492B383}"
EndProject
Project("{FAE04EC0-301F-11D3-BF4B-00C04F79EFBC}") = "DTO", "DTO\DTO.csproj", "{71CC6D70-3341-418D-ACD6-E839884CEB66}"
EndProject
Global
	GlobalSection(SolutionConfigurationPlatforms) = preSolution
		Debug|Any CPU = Debug|Any CPU
		Release|Any CPU = Release|Any CPU
	EndGlobalSection
	GlobalSection(ProjectConfigurationPlatforms) = postSolution
		{0459F97C-71FC-428F-92ED-8C231F92BF18}.Debug|Any CPU.ActiveCfg = Debug|Any CPU
		{0459F97C-71FC-428F-92ED-8C231F92BF18}.Debug|Any CPU.Build.0 = Debug|Any CPU
		{0459F97C-71FC-428F-92ED-8C231F92BF18}.Release|Any CPU.ActiveCfg = Release|Any CPU
		{0459F97C-71FC-428F-92ED-8C231F92BF18}.Release|Any CPU.Build.0 = Release|Any CPU
		{51D5E269-0600-4D36-A48E-728C24E840E0}.Debug|Any CPU.ActiveCfg = Debug|Any CPU
		{51D5E269-0600-4D36-A48E-728C24E840E0}.Debug|Any CPU.Build.0 = Debug|Any CPU
		{51D5E269-0600-4D36-A48E-728C24E840E0}.Release|Any CPU.ActiveCfg = Release|Any CPU
		{51D5E269-0600-4D36-A48E-728C24E840E0}.Release|Any CPU.Build.0 = Release|Any CPU
		{40348403-A07E-41C5-9F53-364B0492B383}.Debug|Any CPU.ActiveCfg = Debug|Any CPU
		{40348403-A07E-41C5-9F53-364B0492B383}.Debug|Any CPU.Build.0 = Debug|Any CPU
		{40348403-A07E-41C5-9F53-364B0492B383}.Release|Any CPU.ActiveCfg = Release|Any CPU
		{40348403-A07E-41C5-9F53-364B0492B383}.Release|Any CPU.Build.0 = Release|Any CPU
		{71CC6D70-3341-418D-ACD6-E839884CEB66}.Debug|Any CPU.ActiveCfg = Debug|Any CPU
		{71CC6D70-3341-418D-ACD6-E839884CEB66}.Debug|Any CPU.Build.0 = Debug|Any CPU
		{71CC6D70-3341-418D-ACD6-E839884CEB66}.Release|Any CPU.ActiveCfg = Release|Any CPU
		{71CC6D70-3341-418D-ACD6-E839884CEB66}.Release|Any CPU.Build.0 = Release|Any CPU
	EndGlobalSection
	GlobalSection(SolutionProperties) = preSolution
		HideSolutionNode = FALSE
	EndGlobalSection
EndGlobal
